lockfileVersion: '9.0'

settings:
  autoInstallPeers: true
  excludeLinksFromLockfile: false

importers:

  .:
    devDependencies:
      prettier:
        specifier: ^3.3.3
        version: 3.4.0

packages:

  prettier@3.4.0:
    resolution: {integrity: sha512-/OXNZcLyWkfo13ofOW5M7SLh+k5pnIs07owXK2teFpnfaOEcycnSy7HQxldaVX1ZP/7Q8oO1eDuQJNwbomQq5Q==}
    engines: {node: '>=14'}
    hasBin: true

snapshots:

  prettier@3.4.0: {}
