lockfileVersion: '9.0'

settings:
  autoInstallPeers: true
  excludeLinksFromLockfile: false

importers:

  .:
    devDependencies:
      prettier:
        specifier: ^3.5.0
        version: 3.5.0

packages:

  prettier@3.5.0:
    resolution: {integrity: sha512-quyMrVt6svPS7CjQ9gKb3GLEX/rl3BCL2oa/QkNcXv4YNVBC9olt3s+H7ukto06q7B1Qz46PbrKLO34PR6vXcA==}
    engines: {node: '>=14'}
    hasBin: true

snapshots:

  prettier@3.5.0: {}
